
Microsoft Visual Studio Solution File, Format Version 12.00
# Visual Studio Version 17
VisualStudioVersion = 17.14.36429.23 d17.14
MinimumVisualStudioVersion = 10.0.40219.1
Project("{FAE04EC0-301F-11D3-BF4B-00C04F79EFBC}") = "TP-Entropy-back", "TP-Entropy-back.csproj", "{19DB9FF2-5281-4D9E-914A-C10E22ED96A7}"
EndProject
Global
	GlobalSection(SolutionConfigurationPlatforms) = preSolution
		Debug|Any CPU = Debug|Any CPU
		Release|Any CPU = Release|Any CPU
	EndGlobalSection
	GlobalSection(ProjectConfigurationPlatforms) = postSolution
		{19DB9FF2-5281-4D9E-914A-C10E22ED96A7}.Debug|Any CPU.ActiveCfg = Debug|Any CPU
		{19DB9FF2-5281-4D9E-914A-C10E22ED96A7}.Debug|Any CPU.Build.0 = Debug|Any CPU
		{19DB9FF2-5281-4D9E-914A-C10E22ED96A7}.Release|Any CPU.ActiveCfg = Release|Any CPU
		{19DB9FF2-5281-4D9E-914A-C10E22ED96A7}.Release|Any CPU.Build.0 = Release|Any CPU
	EndGlobalSection
	GlobalSection(SolutionProperties) = preSolution
		HideSolutionNode = FALSE
	EndGlobalSection
	GlobalSection(ExtensibilityGlobals) = postSolution
		SolutionGuid = {385EE888-7250-4603-A064-10D2F2325EA8}
	EndGlobalSection
EndGlobal
